// !$*UTF8*$!
{
	archiveVersion = 1;
	classes = {
	};
	objectVersion = 55;
	objects = {

/* Begin PBXBuildFile section */
		A6680DE327B7E6E30076947E /* AppDelegate.swift in Sources */ = {isa = PBXBuildFile; fileRef = A6680DE227B7E6E30076947E /* AppDelegate.swift */; };
		A6680DE527B7E6E30076947E /* SceneDelegate.swift in Sources */ = {isa = PBXBuildFile; fileRef = A6680DE427B7E6E30076947E /* SceneDelegate.swift */; };
		A6680DE727B7E6E30076947E /* ViewController.swift in Sources */ = {isa = PBXBuildFile; fileRef = A6680DE627B7E6E30076947E /* ViewController.swift */; };
		A6680DEA27B7E6E30076947E /* Main.storyboard in Resources */ = {isa = PBXBuildFile; fileRef = A6680DE827B7E6E30076947E /* Main.storyboard */; };
		A6680DEC27B7E6E50076947E /* Assets.xcassets in Resources */ = {isa = PBXBuildFile; fileRef = A6680DEB27B7E6E50076947E /* Assets.xcassets */; };
		A6680DEF27B7E6E50076947E /* LaunchScreen.storyboard in Resources */ = {isa = PBXBuildFile; fileRef = A6680DED27B7E6E50076947E /* LaunchScreen.storyboard */; };
		A6680DFA27B7E6E50076947E /* PictureOfDayTests.swift in Sources */ = {isa = PBXBuildFile; fileRef = A6680DF927B7E6E50076947E /* PictureOfDayTests.swift */; };
		A6680E0427B7E6E50076947E /* PictureOfDayUITests.swift in Sources */ = {isa = PBXBuildFile; fileRef = A6680E0327B7E6E50076947E /* PictureOfDayUITests.swift */; };
		A6680E0627B7E6E50076947E /* PictureOfDayUITestsLaunchTests.swift in Sources */ = {isa = PBXBuildFile; fileRef = A6680E0527B7E6E50076947E /* PictureOfDayUITestsLaunchTests.swift */; };
/* End PBXBuildFile section */

/* Begin PBXContainerItemProxy section */
		A6680DF627B7E6E50076947E /* PBXContainerItemProxy */ = {
			isa = PBXContainerItemProxy;
			containerPortal = A6680DD727B7E6E30076947E /* Project object */;
			proxyType = 1;
			remoteGlobalIDString = A6680DDE27B7E6E30076947E;
			remoteInfo = PictureOfDay;
		};
		A6680E0027B7E6E50076947E /* PBXContainerItemProxy */ = {
			isa = PBXContainerItemProxy;
			containerPortal = A6680DD727B7E6E30076947E /* Project object */;
			proxyType = 1;
			remoteGlobalIDString = A6680DDE27B7E6E30076947E;
			remoteInfo = PictureOfDay;
		};
/* End PBXContainerItemProxy section */

/* Begin PBXFileReference section */
		A6680DDF27B7E6E30076947E /* PictureOfDay.app */ = {isa = PBXFileReference; explicitFileType = wrapper.application; includeInIndex = 0; path = PictureOfDay.app; sourceTree = BUILT_PRODUCTS_DIR; };
		A6680DE227B7E6E30076947E /* AppDelegate.swift */ = {isa = PBXFileReference; lastKnownFileType = sourcecode.swift; path = AppDelegate.swift; sourceTree = "<group>"; };
		A6680DE427B7E6E30076947E /* SceneDelegate.swift */ = {isa = PBXFileReference; lastKnownFileType = sourcecode.swift; path = SceneDelegate.swift; sourceTree = "<group>"; };
		A6680DE627B7E6E30076947E /* ViewController.swift */ = {isa = PBXFileReference; lastKnownFileType = sourcecode.swift; path = ViewController.swift; sourceTree = "<group>"; };
		A6680DE927B7E6E30076947E /* Base */ = {isa = PBXFileReference; lastKnownFileType = file.storyboard; name = Base; path = Base.lproj/Main.storyboard; sourceTree = "<group>"; };
		A6680DEB27B7E6E50076947E /* Assets.xcassets */ = {isa = PBXFileReference; lastKnownFileType = folder.assetcatalog; path = Assets.xcassets; sourceTree = "<group>"; };
		A6680DEE27B7E6E50076947E /* Base */ = {isa = PBXFileReference; lastKnownFileType = file.storyboard; name = Base; path = Base.lproj/LaunchScreen.storyboard; sourceTree = "<group>"; };
		A6680DF027B7E6E50076947E /* Info.plist */ = {isa = PBXFileReference; lastKnownFileType = text.plist.xml; path = Info.plist; sourceTree = "<group>"; };
		A6680DF527B7E6E50076947E /* PictureOfDayTests.xctest */ = {isa = PBXFileReference; explicitFileType = wrapper.cfbundle; includeInIndex = 0; path = PictureOfDayTests.xctest; sourceTree = BUILT_PRODUCTS_DIR; };
		A6680DF927B7E6E50076947E /* PictureOfDayTests.swift */ = {isa = PBXFileReference; lastKnownFileType = sourcecode.swift; path = PictureOfDayTests.swift; sourceTree = "<group>"; };
		A6680DFF27B7E6E50076947E /* PictureOfDayUITests.xctest */ = {isa = PBXFileReference; explicitFileType = wrapper.cfbundle; includeInIndex = 0; path = PictureOfDayUITests.xctest; sourceTree = BUILT_PRODUCTS_DIR; };
		A6680E0327B7E6E50076947E /* PictureOfDayUITests.swift */ = {isa = PBXFileReference; lastKnownFileType = sourcecode.swift; path = PictureOfDayUITests.swift; sourceTree = "<group>"; };
		A6680E0527B7E6E50076947E /* PictureOfDayUITestsLaunchTests.swift */ = {isa = PBXFileReference; lastKnownFileType = sourcecode.swift; path = PictureOfDayUITestsLaunchTests.swift; sourceTree = "<group>"; };
/* End PBXFileReference section */

/* Begin PBXFrameworksBuildPhase section */
		A6680DDC27B7E6E30076947E /* Frameworks */ = {
			isa = PBXFrameworksBuildPhase;
			buildActionMask = 2147483647;
			files = (
			);
			runOnlyForDeploymentPostprocessing = 0;
		};
		A6680DF227B7E6E50076947E /* Frameworks */ = {
			isa = PBXFrameworksBuildPhase;
			buildActionMask = 2147483647;
			files = (
			);
			runOnlyForDeploymentPostprocessing = 0;
		};
		A6680DFC27B7E6E50076947E /* Frameworks */ = {
			isa = PBXFrameworksBuildPhase;
			buildActionMask = 2147483647;
			files = (
			);
			runOnlyForDeploymentPostprocessing = 0;
		};
/* End PBXFrameworksBuildPhase section */

/* Begin PBXGroup section */
		A6680DD627B7E6E30076947E = {
			isa = PBXGroup;
			children = (
				A6680DE127B7E6E30076947E /* PictureOfDay */,
				A6680DF827B7E6E50076947E /* PictureOfDayTests */,
				A6680E0227B7E6E50076947E /* PictureOfDayUITests */,
				A6680DE027B7E6E30076947E /* Products */,
			);
			sourceTree = "<group>";
		};
		A6680DE027B7E6E30076947E /* Products */ = {
			isa = PBXGroup;
			children = (
				A6680DDF27B7E6E30076947E /* PictureOfDay.app */,
				A6680DF527B7E6E50076947E /* PictureOfDayTests.xctest */,
				A6680DFF27B7E6E50076947E /* PictureOfDayUITests.xctest */,
			);
			name = Products;
			sourceTree = "<group>";
		};
		A6680DE127B7E6E30076947E /* PictureOfDay */ = {
			isa = PBXGroup;
			children = (
				A6680DE227B7E6E30076947E /* AppDelegate.swift */,
				A6680DE427B7E6E30076947E /* SceneDelegate.swift */,
				A6680DE627B7E6E30076947E /* ViewController.swift */,
				A6680DE827B7E6E30076947E /* Main.storyboard */,
				A6680DEB27B7E6E50076947E /* Assets.xcassets */,
				A6680DED27B7E6E50076947E /* LaunchScreen.storyboard */,
				A6680DF027B7E6E50076947E /* Info.plist */,
			);
			path = PictureOfDay;
			sourceTree = "<group>";
		};
		A6680DF827B7E6E50076947E /* PictureOfDayTests */ = {
			isa = PBXGroup;
			children = (
				A6680DF927B7E6E50076947E /* PictureOfDayTests.swift */,
			);
			path = PictureOfDayTests;
			sourceTree = "<group>";
		};
		A6680E0227B7E6E50076947E /* PictureOfDayUITests */ = {
			isa = PBXGroup;
			children = (
				A6680E0327B7E6E50076947E /* PictureOfDayUITests.swift */,
				A6680E0527B7E6E50076947E /* PictureOfDayUITestsLaunchTests.swift */,
			);
			path = PictureOfDayUITests;
			sourceTree = "<group>";
		};
/* End PBXGroup section */

/* Begin PBXNativeTarget section */
		A6680DDE27B7E6E30076947E /* PictureOfDay */ = {
			isa = PBXNativeTarget;
			buildConfigurationList = A6680E0927B7E6E50076947E /* Build configuration list for PBXNativeTarget "PictureOfDay" */;
			buildPhases = (
				A6680DDB27B7E6E30076947E /* Sources */,
				A6680DDC27B7E6E30076947E /* Frameworks */,
				A6680DDD27B7E6E30076947E /* Resources */,
			);
			buildRules = (
			);
			dependencies = (
			);
			name = PictureOfDay;
			productName = PictureOfDay;
			productReference = A6680DDF27B7E6E30076947E /* PictureOfDay.app */;
			productType = "com.apple.product-type.application";
		};
		A6680DF427B7E6E50076947E /* PictureOfDayTests */ = {
			isa = PBXNativeTarget;
			buildConfigurationList = A6680E0C27B7E6E50076947E /* Build configuration list for PBXNativeTarget "PictureOfDayTests" */;
			buildPhases = (
				A6680DF127B7E6E50076947E /* Sources */,
				A6680DF227B7E6E50076947E /* Frameworks */,
				A6680DF327B7E6E50076947E /* Resources */,
			);
			buildRules = (
			);
			dependencies = (
				A6680DF727B7E6E50076947E /* PBXTargetDependency */,
			);
			name = PictureOfDayTests;
			productName = PictureOfDayTests;
			productReference = A6680DF527B7E6E50076947E /* PictureOfDayTests.xctest */;
			productType = "com.apple.product-type.bundle.unit-test";
		};
		A6680DFE27B7E6E50076947E /* PictureOfDayUITests */ = {
			isa = PBXNativeTarget;
			buildConfigurationList = A6680E0F27B7E6E50076947E /* Build configuration list for PBXNativeTarget "PictureOfDayUITests" */;
			buildPhases = (
				A6680DFB27B7E6E50076947E /* Sources */,
				A6680DFC27B7E6E50076947E /* Frameworks */,
				A6680DFD27B7E6E50076947E /* Resources */,
			);
			buildRules = (
			);
			dependencies = (
				A6680E0127B7E6E50076947E /* PBXTargetDependency */,
			);
			name = PictureOfDayUITests;
			productName = PictureOfDayUITests;
			productReference = A6680DFF27B7E6E50076947E /* PictureOfDayUITests.xctest */;
			productType = "com.apple.product-type.bundle.ui-testing";
		};
/* End PBXNativeTarget section */

/* Begin PBXProject section */
		A6680DD727B7E6E30076947E /* Project object */ = {
			isa = PBXProject;
			attributes = {
				BuildIndependentTargetsInParallel = 1;
				LastSwiftUpdateCheck = 1320;
				LastUpgradeCheck = 1320;
				TargetAttributes = {
					A6680DDE27B7E6E30076947E = {
						CreatedOnToolsVersion = 13.2.1;
					};
					A6680DF427B7E6E50076947E = {
						CreatedOnToolsVersion = 13.2.1;
						TestTargetID = A6680DDE27B7E6E30076947E;
					};
					A6680DFE27B7E6E50076947E = {
						CreatedOnToolsVersion = 13.2.1;
						TestTargetID = A6680DDE27B7E6E30076947E;
					};
				};
			};
			buildConfigurationList = A6680DDA27B7E6E30076947E /* Build configuration list for PBXProject "PictureOfDay" */;
			compatibilityVersion = "Xcode 13.0";
			developmentRegion = en;
			hasScannedForEncodings = 0;
			knownRegions = (
				en,
				Base,
			);
			mainGroup = A6680DD627B7E6E30076947E;
			productRefGroup = A6680DE027B7E6E30076947E /* Products */;
			projectDirPath = "";
			projectRoot = "";
			targets = (
				A6680DDE27B7E6E30076947E /* PictureOfDay */,
				A6680DF427B7E6E50076947E /* PictureOfDayTests */,
				A6680DFE27B7E6E50076947E /* PictureOfDayUITests */,
			);
		};
/* End PBXProject section */

/* Begin PBXResourcesBuildPhase section */
		A6680DDD27B7E6E30076947E /* Resources */ = {
			isa = PBXResourcesBuildPhase;
			buildActionMask = 2147483647;
			files = (
				A6680DEF27B7E6E50076947E /* LaunchScreen.storyboard in Resources */,
				A6680DEC27B7E6E50076947E /* Assets.xcassets in Resources */,
				A6680DEA27B7E6E30076947E /* Main.storyboard in Resources */,
			);
			runOnlyForDeploymentPostprocessing = 0;
		};
		A6680DF327B7E6E50076947E /* Resources */ = {
			isa = PBXResourcesBuildPhase;
			buildActionMask = 2147483647;
			files = (
			);
			runOnlyForDeploymentPostprocessing = 0;
		};
		A6680DFD27B7E6E50076947E /* Resources */ = {
			isa = PBXResourcesBuildPhase;
			buildActionMask = 2147483647;
			files = (
			);
			runOnlyForDeploymentPostprocessing = 0;
		};
/* End PBXResourcesBuildPhase section */

/* Begin PBXSourcesBuildPhase section */
		A6680DDB27B7E6E30076947E /* Sources */ = {
			isa = PBXSourcesBuildPhase;
			buildActionMask = 2147483647;
			files = (
				A6680DE727B7E6E30076947E /* ViewController.swift in Sources */,
				A6680DE327B7E6E30076947E /* AppDelegate.swift in Sources */,
				A6680DE527B7E6E30076947E /* SceneDelegate.swift in Sources */,
			);
			runOnlyForDeploymentPostprocessing = 0;
		};
		A6680DF127B7E6E50076947E /* Sources */ = {
			isa = PBXSourcesBuildPhase;
			buildActionMask = 2147483647;
			files = (
				A6680DFA27B7E6E50076947E /* PictureOfDayTests.swift in Sources */,
			);
			runOnlyForDeploymentPostprocessing = 0;
		};
		A6680DFB27B7E6E50076947E /* Sources */ = {
			isa = PBXSourcesBuildPhase;
			buildActionMask = 2147483647;
			files = (
				A6680E0427B7E6E50076947E /* PictureOfDayUITests.swift in Sources */,
				A6680E0627B7E6E50076947E /* PictureOfDayUITestsLaunchTests.swift in Sources */,
			);
			runOnlyForDeploymentPostprocessing = 0;
		};
/* End PBXSourcesBuildPhase section */

/* Begin PBXTargetDependency section */
		A6680DF727B7E6E50076947E /* PBXTargetDependency */ = {
			isa = PBXTargetDependency;
			target = A6680DDE27B7E6E30076947E /* PictureOfDay */;
			targetProxy = A6680DF627B7E6E50076947E /* PBXContainerItemProxy */;
		};
		A6680E0127B7E6E50076947E /* PBXTargetDependency */ = {
			isa = PBXTargetDependency;
			target = A6680DDE27B7E6E30076947E /* PictureOfDay */;
			targetProxy = A6680E0027B7E6E50076947E /* PBXContainerItemProxy */;
		};
/* End PBXTargetDependency section */

/* Begin PBXVariantGroup section */
		A6680DE827B7E6E30076947E /* Main.storyboard */ = {
			isa = PBXVariantGroup;
			children = (
				A6680DE927B7E6E30076947E /* Base */,
			);
			name = Main.storyboard;
			sourceTree = "<group>";
		};
		A6680DED27B7E6E50076947E /* LaunchScreen.storyboard */ = {
			isa = PBXVariantGroup;
			children = (
				A6680DEE27B7E6E50076947E /* Base */,
			);
			name = LaunchScreen.storyboard;
			sourceTree = "<group>";
		};
/* End PBXVariantGroup section */

/* Begin XCBuildConfiguration section */
		A6680E0727B7E6E50076947E /* Debug */ = {
			isa = XCBuildConfiguration;
			buildSettings = {
				ALWAYS_SEARCH_USER_PATHS = NO;
				CLANG_ANALYZER_NONNULL = YES;
				CLANG_ANALYZER_NUMBER_OBJECT_CONVERSION = YES_AGGRESSIVE;
				CLANG_CXX_LANGUAGE_STANDARD = "gnu++17";
				CLANG_CXX_LIBRARY = "libc++";
				CLANG_ENABLE_MODULES = YES;
				CLANG_ENABLE_OBJC_ARC = YES;
				CLANG_ENABLE_OBJC_WEAK = YES;
				CLANG_WARN_BLOCK_CAPTURE_AUTORELEASING = YES;
				CLANG_WARN_BOOL_CONVERSION = YES;
				CLANG_WARN_COMMA = YES;
				CLANG_WARN_CONSTANT_CONVERSION = YES;
				CLANG_WARN_DEPRECATED_OBJC_IMPLEMENTATIONS = YES;
				CLANG_WARN_DIRECT_OBJC_ISA_USAGE = YES_ERROR;
				CLANG_WARN_DOCUMENTATION_COMMENTS = YES;
				CLANG_WARN_EMPTY_BODY = YES;
				CLANG_WARN_ENUM_CONVERSION = YES;
				CLANG_WARN_INFINITE_RECURSION = YES;
				CLANG_WARN_INT_CONVERSION = YES;
				CLANG_WARN_NON_LITERAL_NULL_CONVERSION = YES;
				CLANG_WARN_OBJC_IMPLICIT_RETAIN_SELF = YES;
				CLANG_WARN_OBJC_LITERAL_CONVERSION = YES;
				CLANG_WARN_OBJC_ROOT_CLASS = YES_ERROR;
				CLANG_WARN_QUOTED_INCLUDE_IN_FRAMEWORK_HEADER = YES;
				CLANG_WARN_RANGE_LOOP_ANALYSIS = YES;
				CLANG_WARN_STRICT_PROTOTYPES = YES;
				CLANG_WARN_SUSPICIOUS_MOVE = YES;
				CLANG_WARN_UNGUARDED_AVAILABILITY = YES_AGGRESSIVE;
				CLANG_WARN_UNREACHABLE_CODE = YES;
				CLANG_WARN__DUPLICATE_METHOD_MATCH = YES;
				COPY_PHASE_STRIP = NO;
				DEBUG_INFORMATION_FORMAT = dwarf;
				ENABLE_STRICT_OBJC_MSGSEND = YES;
				ENABLE_TESTABILITY = YES;
				GCC_C_LANGUAGE_STANDARD = gnu11;
				GCC_DYNAMIC_NO_PIC = NO;
				GCC_NO_COMMON_BLOCKS = YES;
				GCC_OPTIMIZATION_LEVEL = 0;
				GCC_PREPROCESSOR_DEFINITIONS = (
					"DEBUG=1",
					"$(inherited)",
				);
				GCC_WARN_64_TO_32_BIT_CONVERSION = YES;
				GCC_WARN_ABOUT_RETURN_TYPE = YES_ERROR;
				GCC_WARN_UNDECLARED_SELECTOR = YES;
				GCC_WARN_UNINITIALIZED_AUTOS = YES_AGGRESSIVE;
				GCC_WARN_UNUSED_FUNCTION = YES;
				GCC_WARN_UNUSED_VARIABLE = YES;
				IPHONEOS_DEPLOYMENT_TARGET = 15.2;
				MTL_ENABLE_DEBUG_INFO = INCLUDE_SOURCE;
				MTL_FAST_MATH = YES;
				ONLY_ACTIVE_ARCH = YES;
				SDKROOT = iphoneos;
				SWIFT_ACTIVE_COMPILATION_CONDITIONS = DEBUG;
				SWIFT_OPTIMIZATION_LEVEL = "-Onone";
			};
			name = Debug;
		};
		A6680E0827B7E6E50076947E /* Release */ = {
			isa = XCBuildConfiguration;
			buildSettings = {
				ALWAYS_SEARCH_USER_PATHS = NO;
				CLANG_ANALYZER_NONNULL = YES;
				CLANG_ANALYZER_NUMBER_OBJECT_CONVERSION = YES_AGGRESSIVE;
				CLANG_CXX_LANGUAGE_STANDARD = "gnu++17";
				CLANG_CXX_LIBRARY = "libc++";
				CLANG_ENABLE_MODULES = YES;
				CLANG_ENABLE_OBJC_ARC = YES;
				CLANG_ENABLE_OBJC_WEAK = YES;
				CLANG_WARN_BLOCK_CAPTURE_AUTORELEASING = YES;
				CLANG_WARN_BOOL_CONVERSION = YES;
				CLANG_WARN_COMMA = YES;
				CLANG_WARN_CONSTANT_CONVERSION = YES;
				CLANG_WARN_DEPRECATED_OBJC_IMPLEMENTATIONS = YES;
				CLANG_WARN_DIRECT_OBJC_ISA_USAGE = YES_ERROR;
				CLANG_WARN_DOCUMENTATION_COMMENTS = YES;
				CLANG_WARN_EMPTY_BODY = YES;
				CLANG_WARN_ENUM_CONVERSION = YES;
				CLANG_WARN_INFINITE_RECURSION = YES;
				CLANG_WARN_INT_CONVERSION = YES;
				CLANG_WARN_NON_LITERAL_NULL_CONVERSION = YES;
				CLANG_WARN_OBJC_IMPLICIT_RETAIN_SELF = YES;
				CLANG_WARN_OBJC_LITERAL_CONVERSION = YES;
				CLANG_WARN_OBJC_ROOT_CLASS = YES_ERROR;
				CLANG_WARN_QUOTED_INCLUDE_IN_FRAMEWORK_HEADER = YES;
				CLANG_WARN_RANGE_LOOP_ANALYSIS = YES;
				CLANG_WARN_STRICT_PROTOTYPES = YES;
				CLANG_WARN_SUSPICIOUS_MOVE = YES;
				CLANG_WARN_UNGUARDED_AVAILABILITY = YES_AGGRESSIVE;
				CLANG_WARN_UNREACHABLE_CODE = YES;
				CLANG_WARN__DUPLICATE_METHOD_MATCH = YES;
				COPY_PHASE_STRIP = NO;
				DEBUG_INFORMATION_FORMAT = "dwarf-with-dsym";
				ENABLE_NS_ASSERTIONS = NO;
				ENABLE_STRICT_OBJC_MSGSEND = YES;
				GCC_C_LANGUAGE_STANDARD = gnu11;
				GCC_NO_COMMON_BLOCKS = YES;
				GCC_WARN_64_TO_32_BIT_CONVERSION = YES;
				GCC_WARN_ABOUT_RETURN_TYPE = YES_ERROR;
				GCC_WARN_UNDECLARED_SELECTOR = YES;
				GCC_WARN_UNINITIALIZED_AUTOS = YES_AGGRESSIVE;
				GCC_WARN_UNUSED_FUNCTION = YES;
				GCC_WARN_UNUSED_VARIABLE = YES;
				IPHONEOS_DEPLOYMENT_TARGET = 15.2;
				MTL_ENABLE_DEBUG_INFO = NO;
				MTL_FAST_MATH = YES;
				SDKROOT = iphoneos;
				SWIFT_COMPILATION_MODE = wholemodule;
				SWIFT_OPTIMIZATION_LEVEL = "-O";
				VALIDATE_PRODUCT = YES;
			};
			name = Release;
		};
		A6680E0A27B7E6E50076947E /* Debug */ = {
			isa = XCBuildConfiguration;
			buildSettings = {
				ASSETCATALOG_COMPILER_APPICON_NAME = AppIcon;
				ASSETCATALOG_COMPILER_GLOBAL_ACCENT_COLOR_NAME = AccentColor;
				CODE_SIGN_STYLE = Automatic;
				CURRENT_PROJECT_VERSION = 1;
				DEVELOPMENT_TEAM = JVW8U7L42U;
				GENERATE_INFOPLIST_FILE = YES;
				INFOPLIST_FILE = PictureOfDay/Info.plist;
				INFOPLIST_KEY_UIApplicationSupportsIndirectInputEvents = YES;
				INFOPLIST_KEY_UILaunchStoryboardName = LaunchScreen;
				INFOPLIST_KEY_UIMainStoryboardFile = Main;
				INFOPLIST_KEY_UISupportedInterfaceOrientations_iPad = "UIInterfaceOrientationPortrait UIInterfaceOrientationPortraitUpsideDown UIInterfaceOrientationLandscapeLeft UIInterfaceOrientationLandscapeRight";
				INFOPLIST_KEY_UISupportedInterfaceOrientations_iPhone = "UIInterfaceOrientationPortrait UIInterfaceOrientationLandscapeLeft UIInterfaceOrientationLandscapeRight";
				LD_RUNPATH_SEARCH_PATHS = (
					"$(inherited)",
					"@executable_path/Frameworks",
				);
				MARKETING_VERSION = 1.0;
				PRODUCT_BUNDLE_IDENTIFIER = com.Demo.app.PictureOfDay;
				PRODUCT_NAME = "$(TARGET_NAME)";
				SWIFT_EMIT_LOC_STRINGS = YES;
				SWIFT_VERSION = 5.0;
				TARGETED_DEVICE_FAMILY = "1,2";
			};
			name = Debug;
		};
		A6680E0B27B7E6E50076947E /* Release */ = {
			isa = XCBuildConfiguration;
			buildSettings = {
				ASSETCATALOG_COMPILER_APPICON_NAME = AppIcon;
				ASSETCATALOG_COMPILER_GLOBAL_ACCENT_COLOR_NAME = AccentColor;
				CODE_SIGN_STYLE = Automatic;
				CURRENT_PROJECT_VERSION = 1;
				DEVELOPMENT_TEAM = JVW8U7L42U;
				GENERATE_INFOPLIST_FILE = YES;
				INFOPLIST_FILE = PictureOfDay/Info.plist;
				INFOPLIST_KEY_UIApplicationSupportsIndirectInputEvents = YES;
				INFOPLIST_KEY_UILaunchStoryboardName = LaunchScreen;
				INFOPLIST_KEY_UIMainStoryboardFile = Main;
				INFOPLIST_KEY_UISupportedInterfaceOrientations_iPad = "UIInterfaceOrientationPortrait UIInterfaceOrientationPortraitUpsideDown UIInterfaceOrientationLandscapeLeft UIInterfaceOrientationLandscapeRight";
				INFOPLIST_KEY_UISupportedInterfaceOrientations_iPhone = "UIInterfaceOrientationPortrait UIInterfaceOrientationLandscapeLeft UIInterfaceOrientationLandscapeRight";
				LD_RUNPATH_SEARCH_PATHS = (
					"$(inherited)",
					"@executable_path/Frameworks",
				);
				MARKETING_VERSION = 1.0;
				PRODUCT_BUNDLE_IDENTIFIER = com.Demo.app.PictureOfDay;
				PRODUCT_NAME = "$(TARGET_NAME)";
				SWIFT_EMIT_LOC_STRINGS = YES;
				SWIFT_VERSION = 5.0;
				TARGETED_DEVICE_FAMILY = "1,2";
			};
			name = Release;
		};
		A6680E0D27B7E6E50076947E /* Debug */ = {
			isa = XCBuildConfiguration;
			buildSettings = {
				ALWAYS_EMBED_SWIFT_STANDARD_LIBRARIES = YES;
				BUNDLE_LOADER = "$(TEST_HOST)";
				CODE_SIGN_STYLE = Automatic;
				CURRENT_PROJECT_VERSION = 1;
				DEVELOPMENT_TEAM = JVW8U7L42U;
				GENERATE_INFOPLIST_FILE = YES;
				IPHONEOS_DEPLOYMENT_TARGET = 15.2;
				MARKETING_VERSION = 1.0;
				PRODUCT_BUNDLE_IDENTIFIER = com.Demo.app.PictureOfDayTests;
				PRODUCT_NAME = "$(TARGET_NAME)";
				SWIFT_EMIT_LOC_STRINGS = NO;
				SWIFT_VERSION = 5.0;
				TARGETED_DEVICE_FAMILY = "1,2";
				TEST_HOST = "$(BUILT_PRODUCTS_DIR)/PictureOfDay.app/PictureOfDay";
			};
			name = Debug;
		};
		A6680E0E27B7E6E50076947E /* Release */ = {
			isa = XCBuildConfiguration;
			buildSettings = {
				ALWAYS_EMBED_SWIFT_STANDARD_LIBRARIES = YES;
				BUNDLE_LOADER = "$(TEST_HOST)";
				CODE_SIGN_STYLE = Automatic;
				CURRENT_PROJECT_VERSION = 1;
				DEVELOPMENT_TEAM = JVW8U7L42U;
				GENERATE_INFOPLIST_FILE = YES;
				IPHONEOS_DEPLOYMENT_TARGET = 15.2;
				MARKETING_VERSION = 1.0;
				PRODUCT_BUNDLE_IDENTIFIER = com.Demo.app.PictureOfDayTests;
				PRODUCT_NAME = "$(TARGET_NAME)";
				SWIFT_EMIT_LOC_STRINGS = NO;
				SWIFT_VERSION = 5.0;
				TARGETED_DEVICE_FAMILY = "1,2";
				TEST_HOST = "$(BUILT_PRODUCTS_DIR)/PictureOfDay.app/PictureOfDay";
			};
			name = Release;
		};
		A6680E1027B7E6E50076947E /* Debug */ = {
			isa = XCBuildConfiguration;
			buildSettings = {
				ALWAYS_EMBED_SWIFT_STANDARD_LIBRARIES = YES;
				CODE_SIGN_STYLE = Automatic;
				CURRENT_PROJECT_VERSION = 1;
				DEVELOPMENT_TEAM = JVW8U7L42U;
				GENERATE_INFOPLIST_FILE = YES;
				MARKETING_VERSION = 1.0;
				PRODUCT_BUNDLE_IDENTIFIER = com.Demo.app.PictureOfDayUITests;
				PRODUCT_NAME = "$(TARGET_NAME)";
				SWIFT_EMIT_LOC_STRINGS = NO;
				SWIFT_VERSION = 5.0;
				TARGETED_DEVICE_FAMILY = "1,2";
				TEST_TARGET_NAME = PictureOfDay;
			};
			name = Debug;
		};
		A6680E1127B7E6E50076947E /* Release */ = {
			isa = XCBuildConfiguration;
			buildSettings = {
				ALWAYS_EMBED_SWIFT_STANDARD_LIBRARIES = YES;
				CODE_SIGN_STYLE = Automatic;
				CURRENT_PROJECT_VERSION = 1;
				DEVELOPMENT_TEAM = JVW8U7L42U;
				GENERATE_INFOPLIST_FILE = YES;
				MARKETING_VERSION = 1.0;
				PRODUCT_BUNDLE_IDENTIFIER = com.Demo.app.PictureOfDayUITests;
				PRODUCT_NAME = "$(TARGET_NAME)";
				SWIFT_EMIT_LOC_STRINGS = NO;
				SWIFT_VERSION = 5.0;
				TARGETED_DEVICE_FAMILY = "1,2";
				TEST_TARGET_NAME = PictureOfDay;
			};
			name = Release;
		};
/* End XCBuildConfiguration section */

/* Begin XCConfigurationList section */
		A6680DDA27B7E6E30076947E /* Build configuration list for PBXProject "PictureOfDay" */ = {
			isa = XCConfigurationList;
			buildConfigurations = (
				A6680E0727B7E6E50076947E /* Debug */,
				A6680E0827B7E6E50076947E /* Release */,
			);
			defaultConfigurationIsVisible = 0;
			defaultConfigurationName = Release;
		};
		A6680E0927B7E6E50076947E /* Build configuration list for PBXNativeTarget "PictureOfDay" */ = {
			isa = XCConfigurationList;
			buildConfigurations = (
				A6680E0A27B7E6E50076947E /* Debug */,
				A6680E0B27B7E6E50076947E /* Release */,
			);
			defaultConfigurationIsVisible = 0;
			defaultConfigurationName = Release;
		};
		A6680E0C27B7E6E50076947E /* Build configuration list for PBXNativeTarget "PictureOfDayTests" */ = {
			isa = XCConfigurationList;
			buildConfigurations = (
				A6680E0D27B7E6E50076947E /* Debug */,
				A6680E0E27B7E6E50076947E /* Release */,
			);
			defaultConfigurationIsVisible = 0;
			defaultConfigurationName = Release;
		};
		A6680E0F27B7E6E50076947E /* Build configuration list for PBXNativeTarget "PictureOfDayUITests" */ = {
			isa = XCConfigurationList;
			buildConfigurations = (
				A6680E1027B7E6E50076947E /* Debug */,
				A6680E1127B7E6E50076947E /* Release */,
			);
			defaultConfigurationIsVisible = 0;
			defaultConfigurationName = Release;
		};
/* End XCConfigurationList section */
	};
	rootObject = A6680DD727B7E6E30076947E /* Project object */;
}
